github.com/arexon/fsnotify v0.0.0-20240929211932-1ebdc44d4bc2 h1:Y4fOHCKaIWeRXZ9+qqaB7UI0tjK/eMN6CZ9OCbY3FBY=
github.com/arexon/fsnotify v0.0.0-20240929211932-1ebdc44d4bc2/go.mod h1:fMK1EJDCm6IfeqTBptyizpl356fZy33nWqFKELbFouQ=
github.com/bmatcuk/doublestar/v4 v4.7.1 h1:fdDeAqgT47acgwd9bd9HxJRDmc9UAmPpc+2m0CXv75Q=
github.com/bmatcuk/doublestar/v4 v4.7.1/go.mod h1:xBQ8jztBU6kakFMg+8WGxn0c6z1fTSPVIjEY1Wr7jzc=
github.com/google/go-cmp v0.4.0/go.mod h1:v8dTdLbMG2kIc/vJvl+f65V22dbkXbowE6jgT/gNBxE=
github.com/google/go-cmp v0.6.0 h1:ofyhxvXcZhMsU5ulbFiLKl/XBFqE1GSq7atu8tAmTRI=
github.com/google/go-cmp v0.6.0/go.mod h1:17dUlkBOakJ0+DkrSSNjCkIjxS6bF9zb3elmeNGIjoY=
github.com/gorilla/websocket v1.4.1 h1:q7AeDBpnBk8AogcD4DSag/Ukw/KV+YhzLj2bP5HvKCM=
github.com/gorilla/websocket v1.4.1/go.mod h1:YR8l580nyteQvAITg2hZ9XVh4b55+EU/adAjf1fMHhE=
github.com/ink0rr/go-jsonc v0.0.0 h1:Z9Wps6K5AnArUtJhrT33eLVy3mkFempz17u32a4C+30=
github.com/ink0rr/go-jsonc v0.0.0/go.mod h1:rFAvFaFqfLC29KNOKYazHX5u5Y9428Y2lCNovHfyQIk=
github.com/rockide/protocol v0.0.0-20250101080350-65d3d203cf46 h1:7Ul3lKdJFM6j/WkFjpG4qlqgudyZAJT/NXDsPaYdbsU=
github.com/rockide/protocol v0.0.0-20250101080350-65d3d203cf46/go.mod h1:a8WLXVGDl1n2Yrp24tyiCT9MY0X2JN0oE8xXyw3W7vM=
github.com/sourcegraph/jsonrpc2 v0.2.0 h1:KjN/dC4fP6aN9030MZCJs9WQbTOjWHhrtKVpzzSrr/U=
github.com/sourcegraph/jsonrpc2 v0.2.0/go.mod h1:ZafdZgk/axhT1cvZAPOhw+95nz2I/Ra5qMlU4gTRwIo=
go.lsp.dev/uri v0.3.0 h1:KcZJmh6nFIBeJzTugn5JTU6OOyG0lDOo3R9KwTxTYbo=
go.lsp.dev/uri v0.3.0/go.mod h1:P5sbO1IQR+qySTWOCnhnK7phBx+W3zbLqSMDJNTw88I=
golang.org/x/sys v0.13.0 h1:Af8nKPmuFypiUBjVoU9V20FiaFXOcuZI21p0ycVYYGE=
golang.org/x/sys v0.13.0/go.mod h1:oPkhp1MJrh7nUepCBck5+mAzfO9JrbApNNgaTdGDITg=
golang.org/x/xerrors v0.0.0-20191204190536-9bdfabe68543/go.mod h1:I/5z698sn9Ka8TeJc9MKroUUfqBBauWjQqLJ2OPfmY0=
